{
  "name": "ovpoc-interop",
  "version": "0.1.0",
  "lockfileVersion": 3,
  "requires": true,
  "packages": {
    "": {
      "name": "ovpoc-interop",
      "version": "0.1.0",
      "dependencies": {
        "@cloudflare/blindrsa-ts": "0.4.4"
      },
      "devDependencies": {
        "@types/node": "22.15.14",
        "typescript": "5.8.3"
      },
      "engines": {
        "node": ">=20"
      }
    },
    "node_modules/@cloudflare/blindrsa-ts": {
      "version": "0.4.4",
      "resolved": "https://registry.npmjs.org/@cloudflare/blindrsa-ts/-/blindrsa-ts-0.4.4.tgz",
      "integrity": "sha512-EqMdFp4nTWZW+lAIg8RpMVgkMk2LfEC19JB05iZVE4QsuWfz1SNM8/sUD0ZeLeA6fO9bDkZEDjT2lJCBadx1dw==",
      "license": "Apache-2.0",
      "dependencies": {
        "sjcl": "1.0.8"
      },
      "engines": {
        "node": ">=20"
      }
    },
    "node_modules/@types/node": {
      "version": "22.15.14",
      "resolved": "https://registry.npmjs.org/@types/node/-/node-22.15.14.tgz",
      "integrity": "sha512-BL1eyu/XWsFGTtDWOYULQEs4KR0qdtYfCxYAUYRoB7JP7h9ETYLgQTww6kH8Sj2C0pFGgrpM0XKv6/kbIzYJ1g==",
      "dev": true,
      "license": "MIT",
      "dependencies": {
        "undici-types": "~6.21.0"
      }
    },
    "node_modules/sjcl": {
      "version": "1.0.8",
      "resolved": "https://registry.npmjs.org/sjcl/-/sjcl-1.0.8.tgz",
      "integrity": "sha512-LzIjEQ0S0DpIgnxMEayM1rq9aGwGRG4OnZhCdjx7glTaJtf4zRfpg87ImfjSJjoW9vKpagd82McDOwbRT5kQKQ==",
      "license": "(BSD-2-Clause OR GPL-2.0-only)",
      "engines": {
        "node": "*"
      }
    },
    "node_modules/typescript": {
      "version": "5.8.3",
      "resolved": "https://registry.npmjs.org/typescript/-/typescript-5.8.3.tgz",
      "integrity": "sha512-p1diW6TqL9L07nNxvRMM7hMMw4c5XOo/1ibL4aAIGmSAt9slTE1Xgw5KWuof2uTOvCg9BY7ZRi+GaF+7sfgPeQ==",
      "dev": true,
      "license": "Apache-2.0",
      "bin": {
        "tsc": "bin/tsc",
        "tsserver": "bin/tsserver"
      },
      "engines": {
        "node": ">=14.17"
      }
    },
    "node_modules/undici-types": {
      "version": "6.21.0",
      "resolved": "https://registry.npmjs.org/undici-types/-/undici-types-6.21.0.tgz",
      "integrity": "sha512-iwDZqg0QAGrg9Rav5H4n0M64c3mkR59cJ6wQp+7C4nI0gsmExaedaYLNO44eT4AtBBwjbTiGPMlt2Md0T9H9JQ==",
      "dev": true,
      "license": "MIT"
    }
  }
}
